
Microsoft Visual Studio Solution File, Format Version 12.00
# Visual Studio 15
VisualStudioVersion = 15.0.27703.2035
MinimumVisualStudioVersion = 10.0.40219.1
Project("{FAE04EC0-301F-11D3-BF4B-00C04F79EFBC}") = "MovieLINQS", "MovieLINQS\MovieLINQS.csproj", "{AD41240B-944D-449F-A22D-62041828D78B}"
EndProject
Global
	GlobalSection(SolutionConfigurationPlatforms) = preSolution
		Debug|Any CPU = Debug|Any CPU
		Release|Any CPU = Release|Any CPU
	EndGlobalSection
	GlobalSection(ProjectConfigurationPlatforms) = postSolution
		{AD41240B-944D-449F-A22D-62041828D78B}.Debug|Any CPU.ActiveCfg = Debug|Any CPU
		{AD41240B-944D-449F-A22D-62041828D78B}.Debug|Any CPU.Build.0 = Debug|Any CPU
		{AD41240B-944D-449F-A22D-62041828D78B}.Release|Any CPU.ActiveCfg = Release|Any CPU
		{AD41240B-944D-449F-A22D-62041828D78B}.Release|Any CPU.Build.0 = Release|Any CPU
	EndGlobalSection
	GlobalSection(SolutionProperties) = preSolution
		HideSolutionNode = FALSE
	EndGlobalSection
	GlobalSection(ExtensibilityGlobals) = postSolution
		SolutionGuid = {BFA96A99-8929-486A-ADA8-040C3DB5CB2B}
	EndGlobalSection
EndGlobal
