
Microsoft Visual Studio Solution File, Format Version 12.00
# Visual Studio 15
VisualStudioVersion = 15.0.27703.2035
MinimumVisualStudioVersion = 10.0.40219.1
Project("{FAE04EC0-301F-11D3-BF4B-00C04F79EFBC}") = "ConsoleIO", "ConsoleIO\ConsoleIO.csproj", "{95F49EC0-797C-4F9B-9077-FA81168512D0}"
EndProject
Project("{FAE04EC0-301F-11D3-BF4B-00C04F79EFBC}") = "Test", "Test\Test.csproj", "{5EBB205C-EC77-48D0-B675-815CBAF43593}"
EndProject
Global
	GlobalSection(SolutionConfigurationPlatforms) = preSolution
		Debug|Any CPU = Debug|Any CPU
		Release|Any CPU = Release|Any CPU
	EndGlobalSection
	GlobalSection(ProjectConfigurationPlatforms) = postSolution
		{95F49EC0-797C-4F9B-9077-FA81168512D0}.Debug|Any CPU.ActiveCfg = Debug|Any CPU
		{95F49EC0-797C-4F9B-9077-FA81168512D0}.Debug|Any CPU.Build.0 = Debug|Any CPU
		{95F49EC0-797C-4F9B-9077-FA81168512D0}.Release|Any CPU.ActiveCfg = Release|Any CPU
		{95F49EC0-797C-4F9B-9077-FA81168512D0}.Release|Any CPU.Build.0 = Release|Any CPU
		{5EBB205C-EC77-48D0-B675-815CBAF43593}.Debug|Any CPU.ActiveCfg = Debug|Any CPU
		{5EBB205C-EC77-48D0-B675-815CBAF43593}.Debug|Any CPU.Build.0 = Debug|Any CPU
		{5EBB205C-EC77-48D0-B675-815CBAF43593}.Release|Any CPU.ActiveCfg = Release|Any CPU
		{5EBB205C-EC77-48D0-B675-815CBAF43593}.Release|Any CPU.Build.0 = Release|Any CPU
	EndGlobalSection
	GlobalSection(SolutionProperties) = preSolution
		HideSolutionNode = FALSE
	EndGlobalSection
	GlobalSection(ExtensibilityGlobals) = postSolution
		SolutionGuid = {00332C45-8503-43DF-AC77-43BA64F7154F}
	EndGlobalSection
EndGlobal
