
Microsoft Visual Studio Solution File, Format Version 12.00
# Visual Studio 15
VisualStudioVersion = 15.0.27703.2035
MinimumVisualStudioVersion = 10.0.40219.1
Project("{FAE04EC0-301F-11D3-BF4B-00C04F79EFBC}") = "Number Game", "Number Game\Number Game.csproj", "{BEB23281-AED9-42ED-A133-084954D09437}"
EndProject
Global
	GlobalSection(SolutionConfigurationPlatforms) = preSolution
		Debug|Any CPU = Debug|Any CPU
		Release|Any CPU = Release|Any CPU
	EndGlobalSection
	GlobalSection(ProjectConfigurationPlatforms) = postSolution
		{BEB23281-AED9-42ED-A133-084954D09437}.Debug|Any CPU.ActiveCfg = Debug|Any CPU
		{BEB23281-AED9-42ED-A133-084954D09437}.Debug|Any CPU.Build.0 = Debug|Any CPU
		{BEB23281-AED9-42ED-A133-084954D09437}.Release|Any CPU.ActiveCfg = Release|Any CPU
		{BEB23281-AED9-42ED-A133-084954D09437}.Release|Any CPU.Build.0 = Release|Any CPU
	EndGlobalSection
	GlobalSection(SolutionProperties) = preSolution
		HideSolutionNode = FALSE
	EndGlobalSection
	GlobalSection(ExtensibilityGlobals) = postSolution
		SolutionGuid = {04744A92-6239-4DE4-9B52-4C0E86E2AF94}
	EndGlobalSection
EndGlobal
