
Microsoft Visual Studio Solution File, Format Version 12.00
# Visual Studio 15
VisualStudioVersion = 15.0.27703.2035
MinimumVisualStudioVersion = 10.0.40219.1
Project("{FAE04EC0-301F-11D3-BF4B-00C04F79EFBC}") = "Conway'sGoL", "Conway'sGoL\Conway'sGoL.csproj", "{FA548E66-0757-48A8-BE4B-6A9455AA825B}"
EndProject
Global
	GlobalSection(SolutionConfigurationPlatforms) = preSolution
		Debug|ARM = Debug|ARM
		Debug|x64 = Debug|x64
		Debug|x86 = Debug|x86
		Release|ARM = Release|ARM
		Release|x64 = Release|x64
		Release|x86 = Release|x86
	EndGlobalSection
	GlobalSection(ProjectConfigurationPlatforms) = postSolution
		{FA548E66-0757-48A8-BE4B-6A9455AA825B}.Debug|ARM.ActiveCfg = Debug|ARM
		{FA548E66-0757-48A8-BE4B-6A9455AA825B}.Debug|ARM.Build.0 = Debug|ARM
		{FA548E66-0757-48A8-BE4B-6A9455AA825B}.Debug|ARM.Deploy.0 = Debug|ARM
		{FA548E66-0757-48A8-BE4B-6A9455AA825B}.Debug|x64.ActiveCfg = Debug|x64
		{FA548E66-0757-48A8-BE4B-6A9455AA825B}.Debug|x64.Build.0 = Debug|x64
		{FA548E66-0757-48A8-BE4B-6A9455AA825B}.Debug|x64.Deploy.0 = Debug|x64
		{FA548E66-0757-48A8-BE4B-6A9455AA825B}.Debug|x86.ActiveCfg = Debug|x86
		{FA548E66-0757-48A8-BE4B-6A9455AA825B}.Debug|x86.Build.0 = Debug|x86
		{FA548E66-0757-48A8-BE4B-6A9455AA825B}.Debug|x86.Deploy.0 = Debug|x86
		{FA548E66-0757-48A8-BE4B-6A9455AA825B}.Release|ARM.ActiveCfg = Release|ARM
		{FA548E66-0757-48A8-BE4B-6A9455AA825B}.Release|ARM.Build.0 = Release|ARM
		{FA548E66-0757-48A8-BE4B-6A9455AA825B}.Release|ARM.Deploy.0 = Release|ARM
		{FA548E66-0757-48A8-BE4B-6A9455AA825B}.Release|x64.ActiveCfg = Release|x64
		{FA548E66-0757-48A8-BE4B-6A9455AA825B}.Release|x64.Build.0 = Release|x64
		{FA548E66-0757-48A8-BE4B-6A9455AA825B}.Release|x64.Deploy.0 = Release|x64
		{FA548E66-0757-48A8-BE4B-6A9455AA825B}.Release|x86.ActiveCfg = Release|x86
		{FA548E66-0757-48A8-BE4B-6A9455AA825B}.Release|x86.Build.0 = Release|x86
		{FA548E66-0757-48A8-BE4B-6A9455AA825B}.Release|x86.Deploy.0 = Release|x86
	EndGlobalSection
	GlobalSection(SolutionProperties) = preSolution
		HideSolutionNode = FALSE
	EndGlobalSection
	GlobalSection(ExtensibilityGlobals) = postSolution
		SolutionGuid = {6E671C21-5EB1-411A-84B9-7B2113B08376}
	EndGlobalSection
EndGlobal
